
Microsoft Visual Studio Solution File, Format Version 12.00
# Visual Studio Version 17
VisualStudioVersion = 17.3.32929.385
MinimumVisualStudioVersion = 10.0.40219.1
Project("{9A19103F-16F7-4668-BE54-9A1E7A4F7556}") = "Clinica", "Clinica\Clinica.csproj", "{EA83ABE8-B067-4515-84ED-269DB13F1E82}"
EndProject
Global
	GlobalSection(SolutionConfigurationPlatforms) = preSolution
		Debug|Any CPU = Debug|Any CPU
		Release|Any CPU = Release|Any CPU
	EndGlobalSection
	GlobalSection(ProjectConfigurationPlatforms) = postSolution
		{EA83ABE8-B067-4515-84ED-269DB13F1E82}.Debug|Any CPU.ActiveCfg = Debug|Any CPU
		{EA83ABE8-B067-4515-84ED-269DB13F1E82}.Debug|Any CPU.Build.0 = Debug|Any CPU
		{EA83ABE8-B067-4515-84ED-269DB13F1E82}.Release|Any CPU.ActiveCfg = Release|Any CPU
		{EA83ABE8-B067-4515-84ED-269DB13F1E82}.Release|Any CPU.Build.0 = Release|Any CPU
	EndGlobalSection
	GlobalSection(SolutionProperties) = preSolution
		HideSolutionNode = FALSE
	EndGlobalSection
	GlobalSection(ExtensibilityGlobals) = postSolution
		SolutionGuid = {7599C317-A45A-4E8F-8A74-469CA882F585}
	EndGlobalSection
EndGlobal
